
Microsoft Visual Studio Solution File, Format Version 12.00
# Visual Studio Version 17
VisualStudioVersion = 17.6.33723.286
MinimumVisualStudioVersion = 10.0.40219.1
Project("{9A19103F-16F7-4668-BE54-9A1E7A4F7556}") = "Crypto", "Crypto.csproj", "{B3A7B579-1008-4026-9787-AA14C1C27DA2}"
EndProject
Project("{9A19103F-16F7-4668-BE54-9A1E7A4F7556}") = "CryptoForm", "..\CryptoForm\CryptoForm.csproj", "{B89892B1-637F-4445-9368-EE9B848885F0}"
EndProject
Project("{9A19103F-16F7-4668-BE54-9A1E7A4F7556}") = "Console", "..\Console\Console.csproj", "{0D11D96A-BFA5-4B2B-A72E-0FC80CE9EC24}"
EndProject
Project("{9A19103F-16F7-4668-BE54-9A1E7A4F7556}") = "Rational", "..\..\Rational\Rational\Rational.csproj", "{54FFF572-EC29-4241-86F2-6AC0442438E0}"
EndProject
Global
	GlobalSection(SolutionConfigurationPlatforms) = preSolution
		Debug|Any CPU = Debug|Any CPU
		Release|Any CPU = Release|Any CPU
	EndGlobalSection
	GlobalSection(ProjectConfigurationPlatforms) = postSolution
		{B3A7B579-1008-4026-9787-AA14C1C27DA2}.Debug|Any CPU.ActiveCfg = Debug|Any CPU
		{B3A7B579-1008-4026-9787-AA14C1C27DA2}.Debug|Any CPU.Build.0 = Debug|Any CPU
		{B3A7B579-1008-4026-9787-AA14C1C27DA2}.Release|Any CPU.ActiveCfg = Release|Any CPU
		{B3A7B579-1008-4026-9787-AA14C1C27DA2}.Release|Any CPU.Build.0 = Release|Any CPU
		{B89892B1-637F-4445-9368-EE9B848885F0}.Debug|Any CPU.ActiveCfg = Debug|Any CPU
		{B89892B1-637F-4445-9368-EE9B848885F0}.Debug|Any CPU.Build.0 = Debug|Any CPU
		{B89892B1-637F-4445-9368-EE9B848885F0}.Release|Any CPU.ActiveCfg = Release|Any CPU
		{B89892B1-637F-4445-9368-EE9B848885F0}.Release|Any CPU.Build.0 = Release|Any CPU
		{0D11D96A-BFA5-4B2B-A72E-0FC80CE9EC24}.Debug|Any CPU.ActiveCfg = Debug|Any CPU
		{0D11D96A-BFA5-4B2B-A72E-0FC80CE9EC24}.Debug|Any CPU.Build.0 = Debug|Any CPU
		{0D11D96A-BFA5-4B2B-A72E-0FC80CE9EC24}.Release|Any CPU.ActiveCfg = Release|Any CPU
		{0D11D96A-BFA5-4B2B-A72E-0FC80CE9EC24}.Release|Any CPU.Build.0 = Release|Any CPU
		{54FFF572-EC29-4241-86F2-6AC0442438E0}.Debug|Any CPU.ActiveCfg = Debug|Any CPU
		{54FFF572-EC29-4241-86F2-6AC0442438E0}.Debug|Any CPU.Build.0 = Debug|Any CPU
		{54FFF572-EC29-4241-86F2-6AC0442438E0}.Release|Any CPU.ActiveCfg = Release|Any CPU
		{54FFF572-EC29-4241-86F2-6AC0442438E0}.Release|Any CPU.Build.0 = Release|Any CPU
	EndGlobalSection
	GlobalSection(SolutionProperties) = preSolution
		HideSolutionNode = FALSE
	EndGlobalSection
	GlobalSection(ExtensibilityGlobals) = postSolution
		SolutionGuid = {EC381E31-4486-41F8-AB7A-8069DAEBED92}
	EndGlobalSection
EndGlobal
